
Microsoft Visual Studio Solution File, Format Version 12.00
# Visual Studio Version 16
VisualStudioVersion = 16.0.30406.217
MinimumVisualStudioVersion = 10.0.40219.1
Project("{FAE04EC0-301F-11D3-BF4B-00C04F79EFBC}") = "TP4", "TP4\TP4.csproj", "{C1D365F0-8083-4951-B195-F68856BF1E15}"
EndProject
Global
	GlobalSection(SolutionConfigurationPlatforms) = preSolution
		Debug|Any CPU = Debug|Any CPU
		Release|Any CPU = Release|Any CPU
	EndGlobalSection
	GlobalSection(ProjectConfigurationPlatforms) = postSolution
		{C1D365F0-8083-4951-B195-F68856BF1E15}.Debug|Any CPU.ActiveCfg = Debug|Any CPU
		{C1D365F0-8083-4951-B195-F68856BF1E15}.Debug|Any CPU.Build.0 = Debug|Any CPU
		{C1D365F0-8083-4951-B195-F68856BF1E15}.Release|Any CPU.ActiveCfg = Release|Any CPU
		{C1D365F0-8083-4951-B195-F68856BF1E15}.Release|Any CPU.Build.0 = Release|Any CPU
	EndGlobalSection
	GlobalSection(SolutionProperties) = preSolution
		HideSolutionNode = FALSE
	EndGlobalSection
	GlobalSection(ExtensibilityGlobals) = postSolution
		SolutionGuid = {7227B832-2D2D-4F1F-85D4-D95FBCCDC691}
	EndGlobalSection
EndGlobal
